{
    "name": "mt-plugin-builder",
    "lockfileVersion": 3,
    "requires": true,
    "packages": {
        "": {
            "name": "mt-plugin-builder",
            "license": "MIT",
            "workspaces": [
                "packages/*"
            ]
        },
        "node_modules/@types/fs-extra": {
            "version": "11.0.4",
            "resolved": "https://registry.npmjs.org/@types/fs-extra/-/fs-extra-11.0.4.tgz",
            "integrity": "sha512-yTbItCNreRooED33qjunPthRcSjERP1r4MqCZc7wv0u2sUkzTFp45tgUfS5+r7FrZPdmCCNflLhVSP/o+SemsQ==",
            "dev": true,
            "dependencies": {
                "@types/jsonfile": "*",
                "@types/node": "*"
            }
        },
        "node_modules/@types/jsonfile": {
            "version": "6.1.4",
            "resolved": "https://registry.npmjs.org/@types/jsonfile/-/jsonfile-6.1.4.tgz",
            "integrity": "sha512-D5qGUYwjvnNNextdU59/+fI+spnwtTFmyQP0h+PfIOSkNfpU6AOICUOkm4i0OnSk+NyjdPJrxCDro0sJsWlRpQ==",
            "dev": true,
            "dependencies": {
                "@types/node": "*"
            }
        },
        "node_modules/@types/node": {
            "version": "18.19.64",
            "resolved": "https://registry.npmjs.org/@types/node/-/node-18.19.64.tgz",
            "integrity": "sha512-955mDqvO2vFf/oL7V3WiUtiz+BugyX8uVbaT2H8oj3+8dRyH2FLiNdowe7eNqRM7IOIZvzDH76EoAT+gwm6aIQ==",
            "dev": true,
            "dependencies": {
                "undici-types": "~5.26.4"
            }
        },
        "node_modules/@types/prompts": {
            "version": "2.4.9",
            "resolved": "https://registry.npmjs.org/@types/prompts/-/prompts-2.4.9.tgz",
            "integrity": "sha512-qTxFi6Buiu8+50/+3DGIWLHM6QuWsEKugJnnP6iv2Mc4ncxE4A/OJkjuVOA+5X0X1S/nq5VJRa8Lu+nwcvbrKA==",
            "dev": true,
            "dependencies": {
                "@types/node": "*",
                "kleur": "^3.0.3"
            }
        },
        "node_modules/@usualoma/create-mt-plugin-builder": {
            "resolved": "packages/create",
            "link": true
        },
        "node_modules/@usualoma/mt-plugin-builder": {
            "resolved": "packages/builder",
            "link": true
        },
        "node_modules/fs-extra": {
            "version": "11.2.0",
            "resolved": "https://registry.npmjs.org/fs-extra/-/fs-extra-11.2.0.tgz",
            "integrity": "sha512-PmDi3uwK5nFuXh7XDTlVnS17xJS7vW36is2+w3xcv8SVxiB4NyATf4ctkVY5bkSjX0Y4nbvZCq1/EjtEyr9ktw==",
            "dependencies": {
                "graceful-fs": "^4.2.0",
                "jsonfile": "^6.0.1",
                "universalify": "^2.0.0"
            },
            "engines": {
                "node": ">=14.14"
            }
        },
        "node_modules/graceful-fs": {
            "version": "4.2.11",
            "resolved": "https://registry.npmjs.org/graceful-fs/-/graceful-fs-4.2.11.tgz",
            "integrity": "sha512-RbJ5/jmFcNNCcDV5o9eTnBLJ/HszWV0P73bc+Ff4nS/rJj+YaS6IGyiOL0VoBYX+l1Wrl3k63h/KrH+nhJ0XvQ=="
        },
        "node_modules/jsonfile": {
            "version": "6.1.0",
            "resolved": "https://registry.npmjs.org/jsonfile/-/jsonfile-6.1.0.tgz",
            "integrity": "sha512-5dgndWOriYSm5cnYaJNhalLNDKOqFwyDB/rr1E9ZsGciGvKPs8R2xYGCacuf3z6K1YKDz182fd+fY3cn3pMqXQ==",
            "dependencies": {
                "universalify": "^2.0.0"
            },
            "optionalDependencies": {
                "graceful-fs": "^4.1.6"
            }
        },
        "node_modules/kleur": {
            "version": "3.0.3",
            "resolved": "https://registry.npmjs.org/kleur/-/kleur-3.0.3.tgz",
            "integrity": "sha512-eTIzlVOSUR+JxdDFepEYcBMtZ9Qqdef+rnzWdRZuMbOywu5tO2w2N7rqjoANZ5k9vywhL6Br1VRjUIgTQx4E8w==",
            "engines": {
                "node": ">=6"
            }
        },
        "node_modules/prompts": {
            "version": "2.4.2",
            "resolved": "https://registry.npmjs.org/prompts/-/prompts-2.4.2.tgz",
            "integrity": "sha512-NxNv/kLguCA7p3jE8oL2aEBsrJWgAakBpgmgK6lpPWV+WuOmY6r2/zbAVnP+T8bQlA0nzHXSJSJW0Hq7ylaD2Q==",
            "dependencies": {
                "kleur": "^3.0.3",
                "sisteransi": "^1.0.5"
            },
            "engines": {
                "node": ">= 6"
            }
        },
        "node_modules/sisteransi": {
            "version": "1.0.5",
            "resolved": "https://registry.npmjs.org/sisteransi/-/sisteransi-1.0.5.tgz",
            "integrity": "sha512-bLGGlR1QxBcynn2d5YmDX4MGjlZvy2MRBDRNHLJ8VI6l6+9FUiyTFNJ0IveOSP0bcXgVDPRcfGqA0pjaqUpfVg=="
        },
        "node_modules/typescript": {
            "version": "5.6.3",
            "resolved": "https://registry.npmjs.org/typescript/-/typescript-5.6.3.tgz",
            "integrity": "sha512-hjcS1mhfuyi4WW8IWtjP7brDrG2cuDZukyrYrSauoXGNgx0S7zceP07adYkJycEr56BOUTNPzbInooiN3fn1qw==",
            "dev": true,
            "bin": {
                "tsc": "bin/tsc",
                "tsserver": "bin/tsserver"
            },
            "engines": {
                "node": ">=14.17"
            }
        },
        "node_modules/undici-types": {
            "version": "5.26.5",
            "resolved": "https://registry.npmjs.org/undici-types/-/undici-types-5.26.5.tgz",
            "integrity": "sha512-JlCMO+ehdEIKqlFxk6IfVoAUVmgz7cU7zD/h9XZ0qzeosSHmUJVOzSQvvYSYWXkFXC+IfLKSIffhv0sVZup6pA==",
            "dev": true
        },
        "node_modules/universalify": {
            "version": "2.0.1",
            "resolved": "https://registry.npmjs.org/universalify/-/universalify-2.0.1.tgz",
            "integrity": "sha512-gptHNQghINnc/vTGIk0SOFGFNXw7JVrlRUtConJRlvaw6DuX0wO5Jeko9sWrMBhh+PsYAZ7oXAiOnf/UKogyiw==",
            "engines": {
                "node": ">= 10.0.0"
            }
        },
        "packages/builder": {
            "name": "@usualoma/mt-plugin-builder",
            "version": "1.0.0",
            "license": "ISC",
            "dependencies": {
                "archiver": "^5.3.1",
                "commander": "^11.0.0",
                "esbuild": "^0.19.0",
                "js-yaml": "^4.1.0"
            },
            "bin": {
                "mt-plugin-builder": "dist/builder.js"
            },
            "devDependencies": {
                "@types/archiver": "^5.3.2",
                "@types/js-yaml": "^4.0.9",
                "@types/node": "^20.17.6",
                "typescript": "^5.0.0"
            }
        },
        "packages/builder/node_modules/@esbuild/darwin-arm64": {
            "version": "0.19.12",
            "cpu": [
                "arm64"
            ],
            "license": "MIT",
            "optional": true,
            "os": [
                "darwin"
            ],
            "engines": {
                "node": ">=12"
            }
        },
        "packages/builder/node_modules/@types/archiver": {
            "version": "5.3.4",
            "dev": true,
            "license": "MIT",
            "dependencies": {
                "@types/readdir-glob": "*"
            }
        },
        "packages/builder/node_modules/@types/js-yaml": {
            "version": "4.0.9",
            "dev": true,
            "license": "MIT"
        },
        "packages/builder/node_modules/@types/node": {
            "version": "20.17.6",
            "dev": true,
            "license": "MIT",
            "dependencies": {
                "undici-types": "~6.19.2"
            }
        },
        "packages/builder/node_modules/@types/readdir-glob": {
            "version": "1.1.5",
            "dev": true,
            "license": "MIT",
            "dependencies": {
                "@types/node": "*"
            }
        },
        "packages/builder/node_modules/archiver": {
            "version": "5.3.2",
            "license": "MIT",
            "dependencies": {
                "archiver-utils": "^2.1.0",
                "async": "^3.2.4",
                "buffer-crc32": "^0.2.1",
                "readable-stream": "^3.6.0",
                "readdir-glob": "^1.1.2",
                "tar-stream": "^2.2.0",
                "zip-stream": "^4.1.0"
            },
            "engines": {
                "node": ">= 10"
            }
        },
        "packages/builder/node_modules/archiver-utils": {
            "version": "2.1.0",
            "license": "MIT",
            "dependencies": {
                "glob": "^7.1.4",
                "graceful-fs": "^4.2.0",
                "lazystream": "^1.0.0",
                "lodash.defaults": "^4.2.0",
                "lodash.difference": "^4.5.0",
                "lodash.flatten": "^4.4.0",
                "lodash.isplainobject": "^4.0.6",
                "lodash.union": "^4.6.0",
                "normalize-path": "^3.0.0",
                "readable-stream": "^2.0.0"
            },
            "engines": {
                "node": ">= 6"
            }
        },
        "packages/builder/node_modules/archiver-utils/node_modules/readable-stream": {
            "version": "2.3.8",
            "license": "MIT",
            "dependencies": {
                "core-util-is": "~1.0.0",
                "inherits": "~2.0.3",
                "isarray": "~1.0.0",
                "process-nextick-args": "~2.0.0",
                "safe-buffer": "~5.1.1",
                "string_decoder": "~1.1.1",
                "util-deprecate": "~1.0.1"
            }
        },
        "packages/builder/node_modules/archiver-utils/node_modules/safe-buffer": {
            "version": "5.1.2",
            "license": "MIT"
        },
        "packages/builder/node_modules/archiver-utils/node_modules/string_decoder": {
            "version": "1.1.1",
            "license": "MIT",
            "dependencies": {
                "safe-buffer": "~5.1.0"
            }
        },
        "packages/builder/node_modules/argparse": {
            "version": "2.0.1",
            "license": "Python-2.0"
        },
        "packages/builder/node_modules/async": {
            "version": "3.2.6",
            "license": "MIT"
        },
        "packages/builder/node_modules/balanced-match": {
            "version": "1.0.2",
            "license": "MIT"
        },
        "packages/builder/node_modules/base64-js": {
            "version": "1.5.1",
            "funding": [
                {
                    "type": "github",
                    "url": "https://github.com/sponsors/feross"
                },
                {
                    "type": "patreon",
                    "url": "https://www.patreon.com/feross"
                },
                {
                    "type": "consulting",
                    "url": "https://feross.org/support"
                }
            ],
            "license": "MIT"
        },
        "packages/builder/node_modules/bl": {
            "version": "4.1.0",
            "license": "MIT",
            "dependencies": {
                "buffer": "^5.5.0",
                "inherits": "^2.0.4",
                "readable-stream": "^3.4.0"
            }
        },
        "packages/builder/node_modules/brace-expansion": {
            "version": "1.1.11",
            "license": "MIT",
            "dependencies": {
                "balanced-match": "^1.0.0",
                "concat-map": "0.0.1"
            }
        },
        "packages/builder/node_modules/buffer": {
            "version": "5.7.1",
            "funding": [
                {
                    "type": "github",
                    "url": "https://github.com/sponsors/feross"
                },
                {
                    "type": "patreon",
                    "url": "https://www.patreon.com/feross"
                },
                {
                    "type": "consulting",
                    "url": "https://feross.org/support"
                }
            ],
            "license": "MIT",
            "dependencies": {
                "base64-js": "^1.3.1",
                "ieee754": "^1.1.13"
            }
        },
        "packages/builder/node_modules/buffer-crc32": {
            "version": "0.2.13",
            "license": "MIT",
            "engines": {
                "node": "*"
            }
        },
        "packages/builder/node_modules/commander": {
            "version": "11.1.0",
            "license": "MIT",
            "engines": {
                "node": ">=16"
            }
        },
        "packages/builder/node_modules/compress-commons": {
            "version": "4.1.2",
            "license": "MIT",
            "dependencies": {
                "buffer-crc32": "^0.2.13",
                "crc32-stream": "^4.0.2",
                "normalize-path": "^3.0.0",
                "readable-stream": "^3.6.0"
            },
            "engines": {
                "node": ">= 10"
            }
        },
        "packages/builder/node_modules/concat-map": {
            "version": "0.0.1",
            "license": "MIT"
        },
        "packages/builder/node_modules/core-util-is": {
            "version": "1.0.3",
            "license": "MIT"
        },
        "packages/builder/node_modules/crc-32": {
            "version": "1.2.2",
            "license": "Apache-2.0",
            "bin": {
                "crc32": "bin/crc32.njs"
            },
            "engines": {
                "node": ">=0.8"
            }
        },
        "packages/builder/node_modules/crc32-stream": {
            "version": "4.0.3",
            "license": "MIT",
            "dependencies": {
                "crc-32": "^1.2.0",
                "readable-stream": "^3.4.0"
            },
            "engines": {
                "node": ">= 10"
            }
        },
        "packages/builder/node_modules/end-of-stream": {
            "version": "1.4.4",
            "license": "MIT",
            "dependencies": {
                "once": "^1.4.0"
            }
        },
        "packages/builder/node_modules/esbuild": {
            "version": "0.19.12",
            "hasInstallScript": true,
            "license": "MIT",
            "bin": {
                "esbuild": "bin/esbuild"
            },
            "engines": {
                "node": ">=12"
            },
            "optionalDependencies": {
                "@esbuild/aix-ppc64": "0.19.12",
                "@esbuild/android-arm": "0.19.12",
                "@esbuild/android-arm64": "0.19.12",
                "@esbuild/android-x64": "0.19.12",
                "@esbuild/darwin-arm64": "0.19.12",
                "@esbuild/darwin-x64": "0.19.12",
                "@esbuild/freebsd-arm64": "0.19.12",
                "@esbuild/freebsd-x64": "0.19.12",
                "@esbuild/linux-arm": "0.19.12",
                "@esbuild/linux-arm64": "0.19.12",
                "@esbuild/linux-ia32": "0.19.12",
                "@esbuild/linux-loong64": "0.19.12",
                "@esbuild/linux-mips64el": "0.19.12",
                "@esbuild/linux-ppc64": "0.19.12",
                "@esbuild/linux-riscv64": "0.19.12",
                "@esbuild/linux-s390x": "0.19.12",
                "@esbuild/linux-x64": "0.19.12",
                "@esbuild/netbsd-x64": "0.19.12",
                "@esbuild/openbsd-x64": "0.19.12",
                "@esbuild/sunos-x64": "0.19.12",
                "@esbuild/win32-arm64": "0.19.12",
                "@esbuild/win32-ia32": "0.19.12",
                "@esbuild/win32-x64": "0.19.12"
            }
        },
        "packages/builder/node_modules/fs-constants": {
            "version": "1.0.0",
            "license": "MIT"
        },
        "packages/builder/node_modules/fs.realpath": {
            "version": "1.0.0",
            "license": "ISC"
        },
        "packages/builder/node_modules/glob": {
            "version": "7.2.3",
            "license": "ISC",
            "dependencies": {
                "fs.realpath": "^1.0.0",
                "inflight": "^1.0.4",
                "inherits": "2",
                "minimatch": "^3.1.1",
                "once": "^1.3.0",
                "path-is-absolute": "^1.0.0"
            },
            "engines": {
                "node": "*"
            },
            "funding": {
                "url": "https://github.com/sponsors/isaacs"
            }
        },
        "packages/builder/node_modules/ieee754": {
            "version": "1.2.1",
            "funding": [
                {
                    "type": "github",
                    "url": "https://github.com/sponsors/feross"
                },
                {
                    "type": "patreon",
                    "url": "https://www.patreon.com/feross"
                },
                {
                    "type": "consulting",
                    "url": "https://feross.org/support"
                }
            ],
            "license": "BSD-3-Clause"
        },
        "packages/builder/node_modules/inflight": {
            "version": "1.0.6",
            "license": "ISC",
            "dependencies": {
                "once": "^1.3.0",
                "wrappy": "1"
            }
        },
        "packages/builder/node_modules/inherits": {
            "version": "2.0.4",
            "license": "ISC"
        },
        "packages/builder/node_modules/isarray": {
            "version": "1.0.0",
            "license": "MIT"
        },
        "packages/builder/node_modules/js-yaml": {
            "version": "4.1.0",
            "license": "MIT",
            "dependencies": {
                "argparse": "^2.0.1"
            },
            "bin": {
                "js-yaml": "bin/js-yaml.js"
            }
        },
        "packages/builder/node_modules/lazystream": {
            "version": "1.0.1",
            "license": "MIT",
            "dependencies": {
                "readable-stream": "^2.0.5"
            },
            "engines": {
                "node": ">= 0.6.3"
            }
        },
        "packages/builder/node_modules/lazystream/node_modules/readable-stream": {
            "version": "2.3.8",
            "license": "MIT",
            "dependencies": {
                "core-util-is": "~1.0.0",
                "inherits": "~2.0.3",
                "isarray": "~1.0.0",
                "process-nextick-args": "~2.0.0",
                "safe-buffer": "~5.1.1",
                "string_decoder": "~1.1.1",
                "util-deprecate": "~1.0.1"
            }
        },
        "packages/builder/node_modules/lazystream/node_modules/safe-buffer": {
            "version": "5.1.2",
            "license": "MIT"
        },
        "packages/builder/node_modules/lazystream/node_modules/string_decoder": {
            "version": "1.1.1",
            "license": "MIT",
            "dependencies": {
                "safe-buffer": "~5.1.0"
            }
        },
        "packages/builder/node_modules/lodash.defaults": {
            "version": "4.2.0",
            "license": "MIT"
        },
        "packages/builder/node_modules/lodash.difference": {
            "version": "4.5.0",
            "license": "MIT"
        },
        "packages/builder/node_modules/lodash.flatten": {
            "version": "4.4.0",
            "license": "MIT"
        },
        "packages/builder/node_modules/lodash.isplainobject": {
            "version": "4.0.6",
            "license": "MIT"
        },
        "packages/builder/node_modules/lodash.union": {
            "version": "4.6.0",
            "license": "MIT"
        },
        "packages/builder/node_modules/minimatch": {
            "version": "3.1.2",
            "license": "ISC",
            "dependencies": {
                "brace-expansion": "^1.1.7"
            },
            "engines": {
                "node": "*"
            }
        },
        "packages/builder/node_modules/normalize-path": {
            "version": "3.0.0",
            "license": "MIT",
            "engines": {
                "node": ">=0.10.0"
            }
        },
        "packages/builder/node_modules/once": {
            "version": "1.4.0",
            "license": "ISC",
            "dependencies": {
                "wrappy": "1"
            }
        },
        "packages/builder/node_modules/path-is-absolute": {
            "version": "1.0.1",
            "license": "MIT",
            "engines": {
                "node": ">=0.10.0"
            }
        },
        "packages/builder/node_modules/process-nextick-args": {
            "version": "2.0.1",
            "license": "MIT"
        },
        "packages/builder/node_modules/readable-stream": {
            "version": "3.6.2",
            "license": "MIT",
            "dependencies": {
                "inherits": "^2.0.3",
                "string_decoder": "^1.1.1",
                "util-deprecate": "^1.0.1"
            },
            "engines": {
                "node": ">= 6"
            }
        },
        "packages/builder/node_modules/readdir-glob": {
            "version": "1.1.3",
            "license": "Apache-2.0",
            "dependencies": {
                "minimatch": "^5.1.0"
            }
        },
        "packages/builder/node_modules/readdir-glob/node_modules/brace-expansion": {
            "version": "2.0.1",
            "license": "MIT",
            "dependencies": {
                "balanced-match": "^1.0.0"
            }
        },
        "packages/builder/node_modules/readdir-glob/node_modules/minimatch": {
            "version": "5.1.6",
            "license": "ISC",
            "dependencies": {
                "brace-expansion": "^2.0.1"
            },
            "engines": {
                "node": ">=10"
            }
        },
        "packages/builder/node_modules/safe-buffer": {
            "version": "5.2.1",
            "funding": [
                {
                    "type": "github",
                    "url": "https://github.com/sponsors/feross"
                },
                {
                    "type": "patreon",
                    "url": "https://www.patreon.com/feross"
                },
                {
                    "type": "consulting",
                    "url": "https://feross.org/support"
                }
            ],
            "license": "MIT"
        },
        "packages/builder/node_modules/string_decoder": {
            "version": "1.3.0",
            "license": "MIT",
            "dependencies": {
                "safe-buffer": "~5.2.0"
            }
        },
        "packages/builder/node_modules/tar-stream": {
            "version": "2.2.0",
            "license": "MIT",
            "dependencies": {
                "bl": "^4.0.3",
                "end-of-stream": "^1.4.1",
                "fs-constants": "^1.0.0",
                "inherits": "^2.0.3",
                "readable-stream": "^3.1.1"
            },
            "engines": {
                "node": ">=6"
            }
        },
        "packages/builder/node_modules/undici-types": {
            "version": "6.19.8",
            "dev": true,
            "license": "MIT"
        },
        "packages/builder/node_modules/util-deprecate": {
            "version": "1.0.2",
            "license": "MIT"
        },
        "packages/builder/node_modules/wrappy": {
            "version": "1.0.2",
            "license": "ISC"
        },
        "packages/builder/node_modules/zip-stream": {
            "version": "4.1.1",
            "license": "MIT",
            "dependencies": {
                "archiver-utils": "^3.0.4",
                "compress-commons": "^4.1.2",
                "readable-stream": "^3.6.0"
            },
            "engines": {
                "node": ">= 10"
            }
        },
        "packages/builder/node_modules/zip-stream/node_modules/archiver-utils": {
            "version": "3.0.4",
            "license": "MIT",
            "dependencies": {
                "glob": "^7.2.3",
                "graceful-fs": "^4.2.0",
                "lazystream": "^1.0.0",
                "lodash.defaults": "^4.2.0",
                "lodash.difference": "^4.5.0",
                "lodash.flatten": "^4.4.0",
                "lodash.isplainobject": "^4.0.6",
                "lodash.union": "^4.6.0",
                "normalize-path": "^3.0.0",
                "readable-stream": "^3.6.0"
            },
            "engines": {
                "node": ">= 10"
            }
        },
        "packages/create": {
            "name": "@usualoma/create-mt-plugin-builder",
            "version": "0.0.2",
            "dependencies": {
                "fs-extra": "^11.1.1",
                "prompts": "^2.4.2"
            },
            "bin": {
                "create-mt-plugin-builder": "dist/index.js"
            },
            "devDependencies": {
                "@types/fs-extra": "^11.0.1",
                "@types/node": "^18.0.0",
                "@types/prompts": "^2.4.4",
                "typescript": "^5.0.0"
            }
        }
    }
}
